<?xml version="1.0" encoding="utf-8"?>
<Project ToolsVersion="4.0" xmlns="http://schemas.microsoft.com/developer/msbuild/2003">
  <ItemGroup>
    <Filter Include="Source Files">
      <UniqueIdentifier>{4FC737F1-C7A5-4376-A066-2A32D752A2FF}</UniqueIdentifier>
      <Extensions>cpp;c;cc;cxx;c++;cppm;ixx;def;odl;idl;hpj;bat;asm;asmx</Extensions>
    </Filter>
    <Filter Include="Header Files">
      <UniqueIdentifier>{93995380-89BD-4b04-88EB-625FBE52EBFB}</UniqueIdentifier>
      <Extensions>h;hh;hpp;hxx;h++;hm;inl;inc;ipp;xsd</Extensions>
    </Filter>
    <Filter Include="Resource Files">
      <UniqueIdentifier>{67DA6AB6-F800-4c08-8B7A-83BB121AAD01}</UniqueIdentifier>
      <Extensions>rc;ico;cur;bmp;dlg;rc2;rct;bin;rgs;gif;jpg;jpeg;jpe;resx;tiff;tif;png;wav;mfcribbon-ms</Extensions>
    </Filter>
  </ItemGroup>
  <ItemGroup>
    <ClInclude Include="src\c_signature_generator.h">
      <Filter>Header Files</Filter>
    </ClInclude>
    <ClInclude Include="src\link.h">
      <Filter>Header Files</Filter>
    </ClInclude>
    <ClInclude Include="src\n_settings.h">
      <Filter>Header Files</Filter>
    </ClInclude>
    <ClInclude Include="src\n_signature.h">
      <Filter>Header Files</Filter>
    </ClInclude>
    <ClInclude Include="src\n_utils.h">
      <Filter>Header Files</Filter>
    </ClInclude>
    <ClInclude Include="src\typedefs.h">
      <Filter>Header Files</Filter>
    </ClInclude>
    <ClInclude Include="sdk\include\allins.hpp">
      <Filter>Header Files</Filter>
    </ClInclude>
    <ClInclude Include="sdk\include\allow_deprecated.hpp">
      <Filter>Header Files</Filter>
    </ClInclude>
    <ClInclude Include="sdk\include\auto.hpp">
      <Filter>Header Files</Filter>
    </ClInclude>
    <ClInclude Include="sdk\include\bitrange.hpp">
      <Filter>Header Files</Filter>
    </ClInclude>
    <ClInclude Include="sdk\include\bytes.hpp">
      <Filter>Header Files</Filter>
    </ClInclude>
    <ClInclude Include="sdk\include\compress.hpp">
      <Filter>Header Files</Filter>
    </ClInclude>
    <ClInclude Include="sdk\include\config.hpp">
      <Filter>Header Files</Filter>
    </ClInclude>
    <ClInclude Include="sdk\include\cvt64.hpp">
      <Filter>Header Files</Filter>
    </ClInclude>
    <ClInclude Include="sdk\include\dbg.hpp">
      <Filter>Header Files</Filter>
    </ClInclude>
    <ClInclude Include="sdk\include\demangle.hpp">
      <Filter>Header Files</Filter>
    </ClInclude>
    <ClInclude Include="sdk\include\diff3.hpp">
      <Filter>Header Files</Filter>
    </ClInclude>
    <ClInclude Include="sdk\include\dirtree.hpp">
      <Filter>Header Files</Filter>
    </ClInclude>
    <ClInclude Include="sdk\include\diskio.hpp">
      <Filter>Header Files</Filter>
    </ClInclude>
    <ClInclude Include="sdk\include\entry.hpp">
      <Filter>Header Files</Filter>
    </ClInclude>
    <ClInclude Include="sdk\include\err.h">
      <Filter>Header Files</Filter>
    </ClInclude>
    <ClInclude Include="sdk\include\exehdr.h">
      <Filter>Header Files</Filter>
    </ClInclude>
    <ClInclude Include="sdk\include\expr.hpp">
      <Filter>Header Files</Filter>
    </ClInclude>
    <ClInclude Include="sdk\include\fixup.hpp">
      <Filter>Header Files</Filter>
    </ClInclude>
    <ClInclude Include="sdk\include\fpro.h">
      <Filter>Header Files</Filter>
    </ClInclude>
    <ClInclude Include="sdk\include\frame.hpp">
      <Filter>Header Files</Filter>
    </ClInclude>
    <ClInclude Include="sdk\include\funcs.hpp">
      <Filter>Header Files</Filter>
    </ClInclude>
    <ClInclude Include="sdk\include\gdl.hpp">
      <Filter>Header Files</Filter>
    </ClInclude>
    <ClInclude Include="sdk\include\graph.hpp">
      <Filter>Header Files</Filter>
    </ClInclude>
    <ClInclude Include="sdk\include\help.h">
      <Filter>Header Files</Filter>
    </ClInclude>
    <ClInclude Include="sdk\include\ida.hpp">
      <Filter>Header Files</Filter>
    </ClInclude>
    <ClInclude Include="sdk\include\idacfg.hpp">
      <Filter>Header Files</Filter>
    </ClInclude>
    <ClInclude Include="sdk\include\idalib.hpp">
      <Filter>Header Files</Filter>
    </ClInclude>
    <ClInclude Include="sdk\include\ida_highlighter.hpp">
      <Filter>Header Files</Filter>
    </ClInclude>
    <ClInclude Include="sdk\include\idd.hpp">
      <Filter>Header Files</Filter>
    </ClInclude>
    <ClInclude Include="sdk\include\idp.hpp">
      <Filter>Header Files</Filter>
    </ClInclude>
    <ClInclude Include="sdk\include\ieee.h">
      <Filter>Header Files</Filter>
    </ClInclude>
    <ClInclude Include="sdk\include\intel.hpp">
      <Filter>Header Files</Filter>
    </ClInclude>
    <ClInclude Include="sdk\include\jumptable.hpp">
      <Filter>Header Files</Filter>
    </ClInclude>
    <ClInclude Include="sdk\include\kernwin.hpp">
      <Filter>Header Files</Filter>
    </ClInclude>
    <ClInclude Include="sdk\include\lex.hpp">
      <Filter>Header Files</Filter>
    </ClInclude>
    <ClInclude Include="sdk\include\lines.hpp">
      <Filter>Header Files</Filter>
    </ClInclude>
    <ClInclude Include="sdk\include\llong.hpp">
      <Filter>Header Files</Filter>
    </ClInclude>
    <ClInclude Include="sdk\include\loader.hpp">
      <Filter>Header Files</Filter>
    </ClInclude>
    <ClInclude Include="sdk\include\make_script_ns.hpp">
      <Filter>Header Files</Filter>
    </ClInclude>
    <ClInclude Include="sdk\include\md5.h">
      <Filter>Header Files</Filter>
    </ClInclude>
    <ClInclude Include="sdk\include\merge.hpp">
      <Filter>Header Files</Filter>
    </ClInclude>
    <ClInclude Include="sdk\include\mergemod.hpp">
      <Filter>Header Files</Filter>
    </ClInclude>
    <ClInclude Include="sdk\include\moves.hpp">
      <Filter>Header Files</Filter>
    </ClInclude>
    <ClInclude Include="sdk\include\nalt.hpp">
      <Filter>Header Files</Filter>
    </ClInclude>
    <ClInclude Include="sdk\include\name.hpp">
      <Filter>Header Files</Filter>
    </ClInclude>
    <ClInclude Include="sdk\include\netnode.hpp">
      <Filter>Header Files</Filter>
    </ClInclude>
    <ClInclude Include="sdk\include\network.hpp">
      <Filter>Header Files</Filter>
    </ClInclude>
    <ClInclude Include="sdk\include\offset.hpp">
      <Filter>Header Files</Filter>
    </ClInclude>
    <ClInclude Include="sdk\include\parsejson.hpp">
      <Filter>Header Files</Filter>
    </ClInclude>
    <ClInclude Include="sdk\include\pro.h">
      <Filter>Header Files</Filter>
    </ClInclude>
    <ClInclude Include="sdk\include\problems.hpp">
      <Filter>Header Files</Filter>
    </ClInclude>
    <ClInclude Include="sdk\include\prodir.h">
      <Filter>Header Files</Filter>
    </ClInclude>
    <ClInclude Include="sdk\include\pronet.h">
      <Filter>Header Files</Filter>
    </ClInclude>
    <ClInclude Include="sdk\include\range.hpp">
      <Filter>Header Files</Filter>
    </ClInclude>
    <ClInclude Include="sdk\include\regex.h">
      <Filter>Header Files</Filter>
    </ClInclude>
    <ClInclude Include="sdk\include\regfinder.hpp">
      <Filter>Header Files</Filter>
    </ClInclude>
    <ClInclude Include="sdk\include\registry.hpp">
      <Filter>Header Files</Filter>
    </ClInclude>
    <ClInclude Include="sdk\include\search.hpp">
      <Filter>Header Files</Filter>
    </ClInclude>
    <ClInclude Include="sdk\include\segment.hpp">
      <Filter>Header Files</Filter>
    </ClInclude>
    <ClInclude Include="sdk\include\segregs.hpp">
      <Filter>Header Files</Filter>
    </ClInclude>
    <ClInclude Include="sdk\include\srclang.hpp">
      <Filter>Header Files</Filter>
    </ClInclude>
    <ClInclude Include="sdk\include\strlist.hpp">
      <Filter>Header Files</Filter>
    </ClInclude>
    <ClInclude Include="sdk\include\tryblks.hpp">
      <Filter>Header Files</Filter>
    </ClInclude>
    <ClInclude Include="sdk\include\typeinf.hpp">
      <Filter>Header Files</Filter>
    </ClInclude>
    <ClInclude Include="sdk\include\ua.hpp">
      <Filter>Header Files</Filter>
    </ClInclude>
    <ClInclude Include="sdk\include\undo.hpp">
      <Filter>Header Files</Filter>
    </ClInclude>
    <ClInclude Include="sdk\include\workarounds.hpp">
      <Filter>Header Files</Filter>
    </ClInclude>
    <ClInclude Include="sdk\include\xref.hpp">
      <Filter>Header Files</Filter>
    </ClInclude>
  </ItemGroup>
  <ItemGroup>
    <ClCompile Include="src\main.cpp">
      <Filter>Source Files</Filter>
    </ClCompile>
  </ItemGroup>
  <ItemGroup>
    <None Include=".gitignore" />
    <None Include="LICENSE" />
    <None Include="README.md" />
    <None Include="sdk\.gitignore" />
  </ItemGroup>
</Project>